{
  "nodes": {
    "fenix": {
      "inputs": {
        "nixpkgs": [
          "nixpkgs"
        ],
        "rust-analyzer-src": "rust-analyzer-src"
      },
      "locked": {
        "lastModified": 1632969147,
        "narHash": "sha256-44g0i45PFynV8pCI56gI5zG4WY+hHPyV/Hi5EGVLl68=",
        "owner": "nix-community",
        "repo": "fenix",
        "rev": "905bf515892aabe60d9d4061d2a36291129e4fa3",
        "type": "github"
      },
      "original": {
        "owner": "nix-community",
        "repo": "fenix",
        "type": "github"
      }
    },
    "flake-utils": {
      "locked": {
        "lastModified": 1631561581,
        "narHash": "sha256-3VQMV5zvxaVLvqqUrNz3iJelLw30mIVSfZmAaauM3dA=",
        "owner": "numtide",
        "repo": "flake-utils",
        "rev": "7e5bf3925f6fbdfaf50a2a7ca0be2879c4261d19",
        "type": "github"
      },
      "original": {
        "owner": "numtide",
        "repo": "flake-utils",
        "type": "github"
      }
    },
    "naersk": {
      "inputs": {
        "nixpkgs": [
          "nixpkgs"
        ]
      },
      "locked": {
        "lastModified": 1632266297,
        "narHash": "sha256-J1yeJk6Gud9ef2pEf6aKQemrfg1pVngYDSh+SAY94xk=",
        "owner": "nmattia",
        "repo": "naersk",
        "rev": "ee7edec50b49ab6d69b06d62f1de554efccb1ccd",
        "type": "github"
      },
      "original": {
        "owner": "nmattia",
        "repo": "naersk",
        "type": "github"
      }
    },
    "nixpkgs": {
      "locked": {
        "lastModified": 1632820883,
        "narHash": "sha256-MegRCaHkbD0f/Auwpowba0z+xaKLFlJ+7D7ZrgtmfvY=",
        "owner": "NixOS",
        "repo": "nixpkgs",
        "rev": "c21ba4f7bb4a3d621eb1d187e6b5e816bb85380c",
        "type": "github"
      },
      "original": {
        "id": "nixpkgs",
        "ref": "nixos-unstable",
        "type": "indirect"
      }
    },
    "root": {
      "inputs": {
        "fenix": "fenix",
        "flake-utils": "flake-utils",
        "naersk": "naersk",
        "nixpkgs": "nixpkgs"
      }
    },
    "rust-analyzer-src": {
      "flake": false,
      "locked": {
        "lastModified": 1632943212,
        "narHash": "sha256-v4+FQ2ht5SmSLEhzemUoBNiTjzPS5VCT21vfCnZNs7k=",
        "owner": "rust-analyzer",
        "repo": "rust-analyzer",
        "rev": "b21f15a23767c8d06ab5da60f59b8b197c45831a",
        "type": "github"
      },
      "original": {
        "owner": "rust-analyzer",
        "ref": "nightly",
        "repo": "rust-analyzer",
        "type": "github"
      }
    }
  },
  "root": "root",
  "version": 7
}
